
Microsoft Visual Studio Solution File, Format Version 12.00
# Visual Studio Version 16
VisualStudioVersion = 16.0.31025.194
MinimumVisualStudioVersion = 10.0.40219.1
Project("{FAE04EC0-301F-11D3-BF4B-00C04F79EFBC}") = "ASPCoreMigrationAzure", "ASPCoreMigrationAzure\ASPCoreMigrationAzure.csproj", "{20520D86-D163-4AA0-A070-10DE627848F4}"
EndProject
Global
	GlobalSection(SolutionConfigurationPlatforms) = preSolution
		Debug|Any CPU = Debug|Any CPU
		Release|Any CPU = Release|Any CPU
	EndGlobalSection
	GlobalSection(ProjectConfigurationPlatforms) = postSolution
		{20520D86-D163-4AA0-A070-10DE627848F4}.Debug|Any CPU.ActiveCfg = Debug|Any CPU
		{20520D86-D163-4AA0-A070-10DE627848F4}.Debug|Any CPU.Build.0 = Debug|Any CPU
		{20520D86-D163-4AA0-A070-10DE627848F4}.Release|Any CPU.ActiveCfg = Release|Any CPU
		{20520D86-D163-4AA0-A070-10DE627848F4}.Release|Any CPU.Build.0 = Release|Any CPU
	EndGlobalSection
	GlobalSection(SolutionProperties) = preSolution
		HideSolutionNode = FALSE
	EndGlobalSection
	GlobalSection(ExtensibilityGlobals) = postSolution
		SolutionGuid = {CFF8C61D-EDB6-49BD-A821-01D11846CD18}
	EndGlobalSection
EndGlobal
